
Microsoft Visual Studio Solution File, Format Version 12.00
# Visual Studio Version 17
VisualStudioVersion = 17.2.32526.322
MinimumVisualStudioVersion = 10.0.40219.1
Project("{FAE04EC0-301F-11D3-BF4B-00C04F79EFBC}") = "VATCalculator", "VATCalculator\VATCalculator.csproj", "{F6858E95-56C5-450B-9012-57DDBDCB4F09}"
EndProject
Global
	GlobalSection(SolutionConfigurationPlatforms) = preSolution
		Debug|Any CPU = Debug|Any CPU
		Release|Any CPU = Release|Any CPU
	EndGlobalSection
	GlobalSection(ProjectConfigurationPlatforms) = postSolution
		{F6858E95-56C5-450B-9012-57DDBDCB4F09}.Debug|Any CPU.ActiveCfg = Debug|Any CPU
		{F6858E95-56C5-450B-9012-57DDBDCB4F09}.Debug|Any CPU.Build.0 = Debug|Any CPU
		{F6858E95-56C5-450B-9012-57DDBDCB4F09}.Release|Any CPU.ActiveCfg = Release|Any CPU
		{F6858E95-56C5-450B-9012-57DDBDCB4F09}.Release|Any CPU.Build.0 = Release|Any CPU
	EndGlobalSection
	GlobalSection(SolutionProperties) = preSolution
		HideSolutionNode = FALSE
	EndGlobalSection
	GlobalSection(ExtensibilityGlobals) = postSolution
		SolutionGuid = {EB2B061D-9E17-497F-8D09-F60742984048}
	EndGlobalSection
EndGlobal
